Microsoft Visual Studio Solution File, Format Version 12.00
# Visual Studio 2012
Project("{FAE04EC0-301F-11D3-BF4B-00C04F79EFBC}") = "Photon GDScript Client SDK for Godot 3 .x", "Photon GDScript Client SDK for Godot 3 .x.csproj", "{D0CF8E15-D77B-488F-9993-0CA17548721A}"
EndProject
Global
	GlobalSection(SolutionConfigurationPlatforms) = preSolution
	Debug|Any CPU = Debug|Any CPU
	ExportDebug|Any CPU = ExportDebug|Any CPU
	ExportRelease|Any CPU = ExportRelease|Any CPU
	EndGlobalSection
	GlobalSection(ProjectConfigurationPlatforms) = postSolution
		{D0CF8E15-D77B-488F-9993-0CA17548721A}.Debug|Any CPU.ActiveCfg = Debug|Any CPU
		{D0CF8E15-D77B-488F-9993-0CA17548721A}.Debug|Any CPU.Build.0 = Debug|Any CPU
		{D0CF8E15-D77B-488F-9993-0CA17548721A}.ExportDebug|Any CPU.ActiveCfg = ExportDebug|Any CPU
		{D0CF8E15-D77B-488F-9993-0CA17548721A}.ExportDebug|Any CPU.Build.0 = ExportDebug|Any CPU
		{D0CF8E15-D77B-488F-9993-0CA17548721A}.ExportRelease|Any CPU.ActiveCfg = ExportRelease|Any CPU
		{D0CF8E15-D77B-488F-9993-0CA17548721A}.ExportRelease|Any CPU.Build.0 = ExportRelease|Any CPU
	EndGlobalSection
EndGlobal
